
Microsoft Visual Studio Solution File, Format Version 12.00
# Visual Studio Express 15 for Windows Desktop
VisualStudioVersion = 15.0.28307.1972
MinimumVisualStudioVersion = 10.0.40219.1
Project("{FAE04EC0-301F-11D3-BF4B-00C04F79EFBC}") = "ConsoleAppNet48", "ConsoleAppNet48\ConsoleAppNet48.csproj", "{2BED8055-AD32-49D4-B4B8-8C3857F3375D}"
EndProject
Global
	GlobalSection(SolutionConfigurationPlatforms) = preSolution
		Debug|Any CPU = Debug|Any CPU
		Debug|x64 = Debug|x64
		Release|Any CPU = Release|Any CPU
		Release|x64 = Release|x64
	EndGlobalSection
	GlobalSection(ProjectConfigurationPlatforms) = postSolution
		{2BED8055-AD32-49D4-B4B8-8C3857F3375D}.Debug|Any CPU.ActiveCfg = Debug|Any CPU
		{2BED8055-AD32-49D4-B4B8-8C3857F3375D}.Debug|Any CPU.Build.0 = Debug|Any CPU
		{2BED8055-AD32-49D4-B4B8-8C3857F3375D}.Debug|x64.ActiveCfg = Debug|x64
		{2BED8055-AD32-49D4-B4B8-8C3857F3375D}.Debug|x64.Build.0 = Debug|x64
		{2BED8055-AD32-49D4-B4B8-8C3857F3375D}.Release|Any CPU.ActiveCfg = Release|Any CPU
		{2BED8055-AD32-49D4-B4B8-8C3857F3375D}.Release|Any CPU.Build.0 = Release|Any CPU
		{2BED8055-AD32-49D4-B4B8-8C3857F3375D}.Release|x64.ActiveCfg = Release|x64
		{2BED8055-AD32-49D4-B4B8-8C3857F3375D}.Release|x64.Build.0 = Release|x64
	EndGlobalSection
	GlobalSection(SolutionProperties) = preSolution
		HideSolutionNode = FALSE
	EndGlobalSection
	GlobalSection(ExtensibilityGlobals) = postSolution
		SolutionGuid = {BACA9EE7-585C-462A-9BA2-72327D2B33D2}
	EndGlobalSection
EndGlobal
